
Microsoft Visual Studio Solution File, Format Version 12.00
# Visual Studio Version 17
VisualStudioVersion = 17.14.36221.1 d17.14
MinimumVisualStudioVersion = 10.0.40219.1
Project("{FAE04EC0-301F-11D3-BF4B-00C04F79EFBC}") = "socketUDP", "socketUDP\socketUDP.csproj", "{22F49A55-3791-40B6-AF08-59F5773F65A2}"
EndProject
Global
	GlobalSection(SolutionConfigurationPlatforms) = preSolution
		Debug|Any CPU = Debug|Any CPU
		Release|Any CPU = Release|Any CPU
	EndGlobalSection
	GlobalSection(ProjectConfigurationPlatforms) = postSolution
		{22F49A55-3791-40B6-AF08-59F5773F65A2}.Debug|Any CPU.ActiveCfg = Debug|Any CPU
		{22F49A55-3791-40B6-AF08-59F5773F65A2}.Debug|Any CPU.Build.0 = Debug|Any CPU
		{22F49A55-3791-40B6-AF08-59F5773F65A2}.Release|Any CPU.ActiveCfg = Release|Any CPU
		{22F49A55-3791-40B6-AF08-59F5773F65A2}.Release|Any CPU.Build.0 = Release|Any CPU
	EndGlobalSection
	GlobalSection(SolutionProperties) = preSolution
		HideSolutionNode = FALSE
	EndGlobalSection
	GlobalSection(ExtensibilityGlobals) = postSolution
		SolutionGuid = {8D2995B3-171E-4926-8014-8A556A61BBEA}
	EndGlobalSection
EndGlobal
